// !$*UTF8*$!
{
	archiveVersion = 1;
	classes = {
	};
	objectVersion = 46;
	objects = {

/* Begin PBXBuildFile section */
		6EC131031ABB4553008B391A /* AppDelegate.swift in Sources */ = {isa = PBXBuildFile; fileRef = 6EC131021ABB4553008B391A /* AppDelegate.swift */; };
		6EC131081ABB4553008B391A /* Main.storyboard in Resources */ = {isa = PBXBuildFile; fileRef = 6EC131061ABB4553008B391A /* Main.storyboard */; };
		6EC1310A1ABB4553008B391A /* Images.xcassets in Resources */ = {isa = PBXBuildFile; fileRef = 6EC131091ABB4553008B391A /* Images.xcassets */; };
		6EC1310D1ABB4553008B391A /* LaunchScreen.xib in Resources */ = {isa = PBXBuildFile; fileRef = 6EC1310B1ABB4553008B391A /* LaunchScreen.xib */; };
		6EC131191ABB4553008B391A /* PZPullToRefreshTests.swift in Sources */ = {isa = PBXBuildFile; fileRef = 6EC131181ABB4553008B391A /* PZPullToRefreshTests.swift */; };
		6EC131231ABB458E008B391A /* TableViewController.swift in Sources */ = {isa = PBXBuildFile; fileRef = 6EC131221ABB458E008B391A /* TableViewController.swift */; };
		6EC131251ABB4AE2008B391A /* PZPullToRefreshView.swift in Sources */ = {isa = PBXBuildFile; fileRef = 6EC131241ABB4AE2008B391A /* PZPullToRefreshView.swift */; };
		6EDC7BAE1ABC37E900CABBBF /* QuartzCore.framework in Frameworks */ = {isa = PBXBuildFile; fileRef = 6EDC7BAD1ABC37E900CABBBF /* QuartzCore.framework */; };
/* End PBXBuildFile section */

/* Begin PBXContainerItemProxy section */
		6EC131131ABB4553008B391A /* PBXContainerItemProxy */ = {
			isa = PBXContainerItemProxy;
			containerPortal = 6EC130F51ABB4553008B391A /* Project object */;
			proxyType = 1;
			remoteGlobalIDString = 6EC130FC1ABB4553008B391A;
			remoteInfo = PZPullToRefresh;
		};
/* End PBXContainerItemProxy section */

/* Begin PBXFileReference section */
		6EC130FD1ABB4553008B391A /* PZPullToRefresh.app */ = {isa = PBXFileReference; explicitFileType = wrapper.application; includeInIndex = 0; path = PZPullToRefresh.app; sourceTree = BUILT_PRODUCTS_DIR; };
		6EC131011ABB4553008B391A /* Info.plist */ = {isa = PBXFileReference; lastKnownFileType = text.plist.xml; path = Info.plist; sourceTree = "<group>"; };
		6EC131021ABB4553008B391A /* AppDelegate.swift */ = {isa = PBXFileReference; lastKnownFileType = sourcecode.swift; path = AppDelegate.swift; sourceTree = "<group>"; };
		6EC131071ABB4553008B391A /* Base */ = {isa = PBXFileReference; lastKnownFileType = file.storyboard; name = Base; path = Base.lproj/Main.storyboard; sourceTree = "<group>"; };
		6EC131091ABB4553008B391A /* Images.xcassets */ = {isa = PBXFileReference; lastKnownFileType = folder.assetcatalog; path = Images.xcassets; sourceTree = "<group>"; };
		6EC1310C1ABB4553008B391A /* Base */ = {isa = PBXFileReference; lastKnownFileType = file.xib; name = Base; path = Base.lproj/LaunchScreen.xib; sourceTree = "<group>"; };
		6EC131121ABB4553008B391A /* PZPullToRefreshTests.xctest */ = {isa = PBXFileReference; explicitFileType = wrapper.cfbundle; includeInIndex = 0; path = PZPullToRefreshTests.xctest; sourceTree = BUILT_PRODUCTS_DIR; };
		6EC131171ABB4553008B391A /* Info.plist */ = {isa = PBXFileReference; lastKnownFileType = text.plist.xml; path = Info.plist; sourceTree = "<group>"; };
		6EC131181ABB4553008B391A /* PZPullToRefreshTests.swift */ = {isa = PBXFileReference; lastKnownFileType = sourcecode.swift; path = PZPullToRefreshTests.swift; sourceTree = "<group>"; };
		6EC131221ABB458E008B391A /* TableViewController.swift */ = {isa = PBXFileReference; fileEncoding = 4; lastKnownFileType = sourcecode.swift; path = TableViewController.swift; sourceTree = "<group>"; };
		6EC131241ABB4AE2008B391A /* PZPullToRefreshView.swift */ = {isa = PBXFileReference; fileEncoding = 4; lastKnownFileType = sourcecode.swift; path = PZPullToRefreshView.swift; sourceTree = "<group>"; };
		6EDC7BAD1ABC37E900CABBBF /* QuartzCore.framework */ = {isa = PBXFileReference; lastKnownFileType = wrapper.framework; name = QuartzCore.framework; path = System/Library/Frameworks/QuartzCore.framework; sourceTree = SDKROOT; };
/* End PBXFileReference section */

/* Begin PBXFrameworksBuildPhase section */
		6EC130FA1ABB4553008B391A /* Frameworks */ = {
			isa = PBXFrameworksBuildPhase;
			buildActionMask = 2147483647;
			files = (
				6EDC7BAE1ABC37E900CABBBF /* QuartzCore.framework in Frameworks */,
			);
			runOnlyForDeploymentPostprocessing = 0;
		};
		6EC1310F1ABB4553008B391A /* Frameworks */ = {
			isa = PBXFrameworksBuildPhase;
			buildActionMask = 2147483647;
			files = (
			);
			runOnlyForDeploymentPostprocessing = 0;
		};
/* End PBXFrameworksBuildPhase section */

/* Begin PBXGroup section */
		6EC130F41ABB4553008B391A = {
			isa = PBXGroup;
			children = (
				6EDC7BAD1ABC37E900CABBBF /* QuartzCore.framework */,
				6EC130FF1ABB4553008B391A /* PZPullToRefresh */,
				6EC131151ABB4553008B391A /* PZPullToRefreshTests */,
				6EC130FE1ABB4553008B391A /* Products */,
			);
			sourceTree = "<group>";
		};
		6EC130FE1ABB4553008B391A /* Products */ = {
			isa = PBXGroup;
			children = (
				6EC130FD1ABB4553008B391A /* PZPullToRefresh.app */,
				6EC131121ABB4553008B391A /* PZPullToRefreshTests.xctest */,
			);
			name = Products;
			sourceTree = "<group>";
		};
		6EC130FF1ABB4553008B391A /* PZPullToRefresh */ = {
			isa = PBXGroup;
			children = (
				6EC131241ABB4AE2008B391A /* PZPullToRefreshView.swift */,
				6EC131021ABB4553008B391A /* AppDelegate.swift */,
				6EC131221ABB458E008B391A /* TableViewController.swift */,
				6EC131061ABB4553008B391A /* Main.storyboard */,
				6EC1310B1ABB4553008B391A /* LaunchScreen.xib */,
				6EC131091ABB4553008B391A /* Images.xcassets */,
				6EC131001ABB4553008B391A /* Supporting Files */,
			);
			path = PZPullToRefresh;
			sourceTree = "<group>";
		};
		6EC131001ABB4553008B391A /* Supporting Files */ = {
			isa = PBXGroup;
			children = (
				6EC131011ABB4553008B391A /* Info.plist */,
			);
			name = "Supporting Files";
			sourceTree = "<group>";
		};
		6EC131151ABB4553008B391A /* PZPullToRefreshTests */ = {
			isa = PBXGroup;
			children = (
				6EC131181ABB4553008B391A /* PZPullToRefreshTests.swift */,
				6EC131161ABB4553008B391A /* Supporting Files */,
			);
			path = PZPullToRefreshTests;
			sourceTree = "<group>";
		};
		6EC131161ABB4553008B391A /* Supporting Files */ = {
			isa = PBXGroup;
			children = (
				6EC131171ABB4553008B391A /* Info.plist */,
			);
			name = "Supporting Files";
			sourceTree = "<group>";
		};
/* End PBXGroup section */

/* Begin PBXNativeTarget section */
		6EC130FC1ABB4553008B391A /* PZPullToRefresh */ = {
			isa = PBXNativeTarget;
			buildConfigurationList = 6EC1311C1ABB4553008B391A /* Build configuration list for PBXNativeTarget "PZPullToRefresh" */;
			buildPhases = (
				6EC130F91ABB4553008B391A /* Sources */,
				6EC130FA1ABB4553008B391A /* Frameworks */,
				6EC130FB1ABB4553008B391A /* Resources */,
			);
			buildRules = (
			);
			dependencies = (
			);
			name = PZPullToRefresh;
			productName = PZPullToRefresh;
			productReference = 6EC130FD1ABB4553008B391A /* PZPullToRefresh.app */;
			productType = "com.apple.product-type.application";
		};
		6EC131111ABB4553008B391A /* PZPullToRefreshTests */ = {
			isa = PBXNativeTarget;
			buildConfigurationList = 6EC1311F1ABB4553008B391A /* Build configuration list for PBXNativeTarget "PZPullToRefreshTests" */;
			buildPhases = (
				6EC1310E1ABB4553008B391A /* Sources */,
				6EC1310F1ABB4553008B391A /* Frameworks */,
				6EC131101ABB4553008B391A /* Resources */,
			);
			buildRules = (
			);
			dependencies = (
				6EC131141ABB4553008B391A /* PBXTargetDependency */,
			);
			name = PZPullToRefreshTests;
			productName = PZPullToRefreshTests;
			productReference = 6EC131121ABB4553008B391A /* PZPullToRefreshTests.xctest */;
			productType = "com.apple.product-type.bundle.unit-test";
		};
/* End PBXNativeTarget section */

/* Begin PBXProject section */
		6EC130F51ABB4553008B391A /* Project object */ = {
			isa = PBXProject;
			attributes = {
				LastUpgradeCheck = 0620;
				ORGANIZATIONNAME = pixyzehn;
				TargetAttributes = {
					6EC130FC1ABB4553008B391A = {
						CreatedOnToolsVersion = 6.2;
					};
					6EC131111ABB4553008B391A = {
						CreatedOnToolsVersion = 6.2;
						TestTargetID = 6EC130FC1ABB4553008B391A;
					};
				};
			};
			buildConfigurationList = 6EC130F81ABB4553008B391A /* Build configuration list for PBXProject "PZPullToRefresh" */;
			compatibilityVersion = "Xcode 3.2";
			developmentRegion = English;
			hasScannedForEncodings = 0;
			knownRegions = (
				en,
				Base,
			);
			mainGroup = 6EC130F41ABB4553008B391A;
			productRefGroup = 6EC130FE1ABB4553008B391A /* Products */;
			projectDirPath = "";
			projectRoot = "";
			targets = (
				6EC130FC1ABB4553008B391A /* PZPullToRefresh */,
				6EC131111ABB4553008B391A /* PZPullToRefreshTests */,
			);
		};
/* End PBXProject section */

/* Begin PBXResourcesBuildPhase section */
		6EC130FB1ABB4553008B391A /* Resources */ = {
			isa = PBXResourcesBuildPhase;
			buildActionMask = 2147483647;
			files = (
				6EC131081ABB4553008B391A /* Main.storyboard in Resources */,
				6EC1310D1ABB4553008B391A /* LaunchScreen.xib in Resources */,
				6EC1310A1ABB4553008B391A /* Images.xcassets in Resources */,
			);
			runOnlyForDeploymentPostprocessing = 0;
		};
		6EC131101ABB4553008B391A /* Resources */ = {
			isa = PBXResourcesBuildPhase;
			buildActionMask = 2147483647;
			files = (
			);
			runOnlyForDeploymentPostprocessing = 0;
		};
/* End PBXResourcesBuildPhase section */

/* Begin PBXSourcesBuildPhase section */
		6EC130F91ABB4553008B391A /* Sources */ = {
			isa = PBXSourcesBuildPhase;
			buildActionMask = 2147483647;
			files = (
				6EC131251ABB4AE2008B391A /* PZPullToRefreshView.swift in Sources */,
				6EC131031ABB4553008B391A /* AppDelegate.swift in Sources */,
				6EC131231ABB458E008B391A /* TableViewController.swift in Sources */,
			);
			runOnlyForDeploymentPostprocessing = 0;
		};
		6EC1310E1ABB4553008B391A /* Sources */ = {
			isa = PBXSourcesBuildPhase;
			buildActionMask = 2147483647;
			files = (
				6EC131191ABB4553008B391A /* PZPullToRefreshTests.swift in Sources */,
			);
			runOnlyForDeploymentPostprocessing = 0;
		};
/* End PBXSourcesBuildPhase section */

/* Begin PBXTargetDependency section */
		6EC131141ABB4553008B391A /* PBXTargetDependency */ = {
			isa = PBXTargetDependency;
			target = 6EC130FC1ABB4553008B391A /* PZPullToRefresh */;
			targetProxy = 6EC131131ABB4553008B391A /* PBXContainerItemProxy */;
		};
/* End PBXTargetDependency section */

/* Begin PBXVariantGroup section */
		6EC131061ABB4553008B391A /* Main.storyboard */ = {
			isa = PBXVariantGroup;
			children = (
				6EC131071ABB4553008B391A /* Base */,
			);
			name = Main.storyboard;
			sourceTree = "<group>";
		};
		6EC1310B1ABB4553008B391A /* LaunchScreen.xib */ = {
			isa = PBXVariantGroup;
			children = (
				6EC1310C1ABB4553008B391A /* Base */,
			);
			name = LaunchScreen.xib;
			sourceTree = "<group>";
		};
/* End PBXVariantGroup section */

/* Begin XCBuildConfiguration section */
		6EC1311A1ABB4553008B391A /* Debug */ = {
			isa = XCBuildConfiguration;
			buildSettings = {
				ALWAYS_SEARCH_USER_PATHS = NO;
				CLANG_CXX_LANGUAGE_STANDARD = "gnu++0x";
				CLANG_CXX_LIBRARY = "libc++";
				CLANG_ENABLE_MODULES = YES;
				CLANG_ENABLE_OBJC_ARC = YES;
				CLANG_WARN_BOOL_CONVERSION = YES;
				CLANG_WARN_CONSTANT_CONVERSION = YES;
				CLANG_WARN_DIRECT_OBJC_ISA_USAGE = YES_ERROR;
				CLANG_WARN_EMPTY_BODY = YES;
				CLANG_WARN_ENUM_CONVERSION = YES;
				CLANG_WARN_INT_CONVERSION = YES;
				CLANG_WARN_OBJC_ROOT_CLASS = YES_ERROR;
				CLANG_WARN_UNREACHABLE_CODE = YES;
				CLANG_WARN__DUPLICATE_METHOD_MATCH = YES;
				"CODE_SIGN_IDENTITY[sdk=iphoneos*]" = "iPhone Developer";
				COPY_PHASE_STRIP = NO;
				ENABLE_STRICT_OBJC_MSGSEND = YES;
				GCC_C_LANGUAGE_STANDARD = gnu99;
				GCC_DYNAMIC_NO_PIC = NO;
				GCC_OPTIMIZATION_LEVEL = 0;
				GCC_PREPROCESSOR_DEFINITIONS = (
					"DEBUG=1",
					"$(inherited)",
				);
				GCC_SYMBOLS_PRIVATE_EXTERN = NO;
				GCC_WARN_64_TO_32_BIT_CONVERSION = YES;
				GCC_WARN_ABOUT_RETURN_TYPE = YES_ERROR;
				GCC_WARN_UNDECLARED_SELECTOR = YES;
				GCC_WARN_UNINITIALIZED_AUTOS = YES_AGGRESSIVE;
				GCC_WARN_UNUSED_FUNCTION = YES;
				GCC_WARN_UNUSED_VARIABLE = YES;
				IPHONEOS_DEPLOYMENT_TARGET = 8.2;
				MTL_ENABLE_DEBUG_INFO = YES;
				ONLY_ACTIVE_ARCH = YES;
				SDKROOT = iphoneos;
				SWIFT_OPTIMIZATION_LEVEL = "-Onone";
			};
			name = Debug;
		};
		6EC1311B1ABB4553008B391A /* Release */ = {
			isa = XCBuildConfiguration;
			buildSettings = {
				ALWAYS_SEARCH_USER_PATHS = NO;
				CLANG_CXX_LANGUAGE_STANDARD = "gnu++0x";
				CLANG_CXX_LIBRARY = "libc++";
				CLANG_ENABLE_MODULES = YES;
				CLANG_ENABLE_OBJC_ARC = YES;
				CLANG_WARN_BOOL_CONVERSION = YES;
				CLANG_WARN_CONSTANT_CONVERSION = YES;
				CLANG_WARN_DIRECT_OBJC_ISA_USAGE = YES_ERROR;
				CLANG_WARN_EMPTY_BODY = YES;
				CLANG_WARN_ENUM_CONVERSION = YES;
				CLANG_WARN_INT_CONVERSION = YES;
				CLANG_WARN_OBJC_ROOT_CLASS = YES_ERROR;
				CLANG_WARN_UNREACHABLE_CODE = YES;
				CLANG_WARN__DUPLICATE_METHOD_MATCH = YES;
				"CODE_SIGN_IDENTITY[sdk=iphoneos*]" = "iPhone Developer";
				COPY_PHASE_STRIP = NO;
				ENABLE_NS_ASSERTIONS = NO;
				ENABLE_STRICT_OBJC_MSGSEND = YES;
				GCC_C_LANGUAGE_STANDARD = gnu99;
				GCC_WARN_64_TO_32_BIT_CONVERSION = YES;
				GCC_WARN_ABOUT_RETURN_TYPE = YES_ERROR;
				GCC_WARN_UNDECLARED_SELECTOR = YES;
				GCC_WARN_UNINITIALIZED_AUTOS = YES_AGGRESSIVE;
				GCC_WARN_UNUSED_FUNCTION = YES;
				GCC_WARN_UNUSED_VARIABLE = YES;
				IPHONEOS_DEPLOYMENT_TARGET = 8.2;
				MTL_ENABLE_DEBUG_INFO = NO;
				SDKROOT = iphoneos;
				VALIDATE_PRODUCT = YES;
			};
			name = Release;
		};
		6EC1311D1ABB4553008B391A /* Debug */ = {
			isa = XCBuildConfiguration;
			buildSettings = {
				ASSETCATALOG_COMPILER_APPICON_NAME = AppIcon;
				INFOPLIST_FILE = PZPullToRefresh/Info.plist;
				LD_RUNPATH_SEARCH_PATHS = "$(inherited) @executable_path/Frameworks";
				PRODUCT_NAME = "$(TARGET_NAME)";
			};
			name = Debug;
		};
		6EC1311E1ABB4553008B391A /* Release */ = {
			isa = XCBuildConfiguration;
			buildSettings = {
				ASSETCATALOG_COMPILER_APPICON_NAME = AppIcon;
				INFOPLIST_FILE = PZPullToRefresh/Info.plist;
				LD_RUNPATH_SEARCH_PATHS = "$(inherited) @executable_path/Frameworks";
				PRODUCT_NAME = "$(TARGET_NAME)";
			};
			name = Release;
		};
		6EC131201ABB4553008B391A /* Debug */ = {
			isa = XCBuildConfiguration;
			buildSettings = {
				BUNDLE_LOADER = "$(TEST_HOST)";
				FRAMEWORK_SEARCH_PATHS = (
					"$(SDKROOT)/Developer/Library/Frameworks",
					"$(inherited)",
				);
				GCC_PREPROCESSOR_DEFINITIONS = (
					"DEBUG=1",
					"$(inherited)",
				);
				INFOPLIST_FILE = PZPullToRefreshTests/Info.plist;
				LD_RUNPATH_SEARCH_PATHS = "$(inherited) @executable_path/Frameworks @loader_path/Frameworks";
				PRODUCT_NAME = "$(TARGET_NAME)";
				TEST_HOST = "$(BUILT_PRODUCTS_DIR)/PZPullToRefresh.app/PZPullToRefresh";
			};
			name = Debug;
		};
		6EC131211ABB4553008B391A /* Release */ = {
			isa = XCBuildConfiguration;
			buildSettings = {
				BUNDLE_LOADER = "$(TEST_HOST)";
				FRAMEWORK_SEARCH_PATHS = (
					"$(SDKROOT)/Developer/Library/Frameworks",
					"$(inherited)",
				);
				INFOPLIST_FILE = PZPullToRefreshTests/Info.plist;
				LD_RUNPATH_SEARCH_PATHS = "$(inherited) @executable_path/Frameworks @loader_path/Frameworks";
				PRODUCT_NAME = "$(TARGET_NAME)";
				TEST_HOST = "$(BUILT_PRODUCTS_DIR)/PZPullToRefresh.app/PZPullToRefresh";
			};
			name = Release;
		};
/* End XCBuildConfiguration section */

/* Begin XCConfigurationList section */
		6EC130F81ABB4553008B391A /* Build configuration list for PBXProject "PZPullToRefresh" */ = {
			isa = XCConfigurationList;
			buildConfigurations = (
				6EC1311A1ABB4553008B391A /* Debug */,
				6EC1311B1ABB4553008B391A /* Release */,
			);
			defaultConfigurationIsVisible = 0;
			defaultConfigurationName = Release;
		};
		6EC1311C1ABB4553008B391A /* Build configuration list for PBXNativeTarget "PZPullToRefresh" */ = {
			isa = XCConfigurationList;
			buildConfigurations = (
				6EC1311D1ABB4553008B391A /* Debug */,
				6EC1311E1ABB4553008B391A /* Release */,
			);
			defaultConfigurationIsVisible = 0;
			defaultConfigurationName = Release;
		};
		6EC1311F1ABB4553008B391A /* Build configuration list for PBXNativeTarget "PZPullToRefreshTests" */ = {
			isa = XCConfigurationList;
			buildConfigurations = (
				6EC131201ABB4553008B391A /* Debug */,
				6EC131211ABB4553008B391A /* Release */,
			);
			defaultConfigurationIsVisible = 0;
			defaultConfigurationName = Release;
		};
/* End XCConfigurationList section */
	};
	rootObject = 6EC130F51ABB4553008B391A /* Project object */;
}
