// !$*UTF8*$!
{
	archiveVersion = 1;
	classes = {
	};
	objectVersion = 46;
	objects = {

/* Begin PBXBuildFile section */
		6E4325E11AF888180004A547 /* PZPullToRefresh.h in Headers */ = {isa = PBXBuildFile; fileRef = 6E4325E01AF888180004A547 /* PZPullToRefresh.h */; settings = {ATTRIBUTES = (Public, ); }; };
		6E4325E71AF888180004A547 /* PZPullToRefresh.framework in Frameworks */ = {isa = PBXBuildFile; fileRef = 6E4325DC1AF888180004A547 /* PZPullToRefresh.framework */; };
		6E4325F01AF888180004A547 /* PZPullToRefreshTests.swift in Sources */ = {isa = PBXBuildFile; fileRef = 6E4325EF1AF888180004A547 /* PZPullToRefreshTests.swift */; };
		6E4325F31AF888180004A547 /* PZPullToRefresh.framework in Frameworks */ = {isa = PBXBuildFile; fileRef = 6E4325DC1AF888180004A547 /* PZPullToRefresh.framework */; };
		6E4325F41AF888180004A547 /* PZPullToRefresh.framework in Embed Frameworks */ = {isa = PBXBuildFile; fileRef = 6E4325DC1AF888180004A547 /* PZPullToRefresh.framework */; settings = {ATTRIBUTES = (CodeSignOnCopy, RemoveHeadersOnCopy, ); }; };
		6E4325FC1AF888210004A547 /* PZPullToRefreshView.swift in Sources */ = {isa = PBXBuildFile; fileRef = 6E65550A1ABCAEDC0038D0C7 /* PZPullToRefreshView.swift */; };
		6E6554EB1ABCAE880038D0C7 /* AppDelegate.swift in Sources */ = {isa = PBXBuildFile; fileRef = 6E6554EA1ABCAE880038D0C7 /* AppDelegate.swift */; };
		6E6554ED1ABCAE880038D0C7 /* ViewController.swift in Sources */ = {isa = PBXBuildFile; fileRef = 6E6554EC1ABCAE880038D0C7 /* ViewController.swift */; };
		6E6554F01ABCAE880038D0C7 /* Main.storyboard in Resources */ = {isa = PBXBuildFile; fileRef = 6E6554EE1ABCAE880038D0C7 /* Main.storyboard */; };
		6E6554F21ABCAE880038D0C7 /* Images.xcassets in Resources */ = {isa = PBXBuildFile; fileRef = 6E6554F11ABCAE880038D0C7 /* Images.xcassets */; };
		6E6554F51ABCAE880038D0C7 /* LaunchScreen.xib in Resources */ = {isa = PBXBuildFile; fileRef = 6E6554F31ABCAE880038D0C7 /* LaunchScreen.xib */; };
		6E6555011ABCAE880038D0C7 /* PZPullToRefresh_SampleTests.swift in Sources */ = {isa = PBXBuildFile; fileRef = 6E6555001ABCAE880038D0C7 /* PZPullToRefresh_SampleTests.swift */; };
		6E65550B1ABCAEDC0038D0C7 /* PZPullToRefreshView.swift in Sources */ = {isa = PBXBuildFile; fileRef = 6E65550A1ABCAEDC0038D0C7 /* PZPullToRefreshView.swift */; };
/* End PBXBuildFile section */

/* Begin PBXContainerItemProxy section */
		6E4325E81AF888180004A547 /* PBXContainerItemProxy */ = {
			isa = PBXContainerItemProxy;
			containerPortal = 6E6554DD1ABCAE880038D0C7 /* Project object */;
			proxyType = 1;
			remoteGlobalIDString = 6E4325DB1AF888180004A547;
			remoteInfo = PZPullToRefresh;
		};
		6E4325EA1AF888180004A547 /* PBXContainerItemProxy */ = {
			isa = PBXContainerItemProxy;
			containerPortal = 6E6554DD1ABCAE880038D0C7 /* Project object */;
			proxyType = 1;
			remoteGlobalIDString = 6E6554E41ABCAE880038D0C7;
			remoteInfo = "PZPullToRefresh-Sample";
		};
		6E4325F11AF888180004A547 /* PBXContainerItemProxy */ = {
			isa = PBXContainerItemProxy;
			containerPortal = 6E6554DD1ABCAE880038D0C7 /* Project object */;
			proxyType = 1;
			remoteGlobalIDString = 6E4325DB1AF888180004A547;
			remoteInfo = PZPullToRefresh;
		};
		6E6554FB1ABCAE880038D0C7 /* PBXContainerItemProxy */ = {
			isa = PBXContainerItemProxy;
			containerPortal = 6E6554DD1ABCAE880038D0C7 /* Project object */;
			proxyType = 1;
			remoteGlobalIDString = 6E6554E41ABCAE880038D0C7;
			remoteInfo = "PZPullToRefresh-Sample";
		};
/* End PBXContainerItemProxy section */

/* Begin PBXCopyFilesBuildPhase section */
		6E4325FA1AF888180004A547 /* Embed Frameworks */ = {
			isa = PBXCopyFilesBuildPhase;
			buildActionMask = 2147483647;
			dstPath = "";
			dstSubfolderSpec = 10;
			files = (
				6E4325F41AF888180004A547 /* PZPullToRefresh.framework in Embed Frameworks */,
			);
			name = "Embed Frameworks";
			runOnlyForDeploymentPostprocessing = 0;
		};
/* End PBXCopyFilesBuildPhase section */

/* Begin PBXFileReference section */
		6E4325DC1AF888180004A547 /* PZPullToRefresh.framework */ = {isa = PBXFileReference; explicitFileType = wrapper.framework; includeInIndex = 0; path = PZPullToRefresh.framework; sourceTree = BUILT_PRODUCTS_DIR; };
		6E4325DF1AF888180004A547 /* Info.plist */ = {isa = PBXFileReference; lastKnownFileType = text.plist.xml; path = Info.plist; sourceTree = "<group>"; };
		6E4325E01AF888180004A547 /* PZPullToRefresh.h */ = {isa = PBXFileReference; lastKnownFileType = sourcecode.c.h; path = PZPullToRefresh.h; sourceTree = "<group>"; };
		6E4325E61AF888180004A547 /* PZPullToRefreshTests.xctest */ = {isa = PBXFileReference; explicitFileType = wrapper.cfbundle; includeInIndex = 0; path = PZPullToRefreshTests.xctest; sourceTree = BUILT_PRODUCTS_DIR; };
		6E4325EE1AF888180004A547 /* Info.plist */ = {isa = PBXFileReference; lastKnownFileType = text.plist.xml; path = Info.plist; sourceTree = "<group>"; };
		6E4325EF1AF888180004A547 /* PZPullToRefreshTests.swift */ = {isa = PBXFileReference; lastKnownFileType = sourcecode.swift; path = PZPullToRefreshTests.swift; sourceTree = "<group>"; };
		6E6554E51ABCAE880038D0C7 /* PZPullToRefresh-Sample.app */ = {isa = PBXFileReference; explicitFileType = wrapper.application; includeInIndex = 0; path = "PZPullToRefresh-Sample.app"; sourceTree = BUILT_PRODUCTS_DIR; };
		6E6554E91ABCAE880038D0C7 /* Info.plist */ = {isa = PBXFileReference; lastKnownFileType = text.plist.xml; path = Info.plist; sourceTree = "<group>"; };
		6E6554EA1ABCAE880038D0C7 /* AppDelegate.swift */ = {isa = PBXFileReference; lastKnownFileType = sourcecode.swift; path = AppDelegate.swift; sourceTree = "<group>"; };
		6E6554EC1ABCAE880038D0C7 /* ViewController.swift */ = {isa = PBXFileReference; lastKnownFileType = sourcecode.swift; path = ViewController.swift; sourceTree = "<group>"; };
		6E6554EF1ABCAE880038D0C7 /* Base */ = {isa = PBXFileReference; lastKnownFileType = file.storyboard; name = Base; path = Base.lproj/Main.storyboard; sourceTree = "<group>"; };
		6E6554F11ABCAE880038D0C7 /* Images.xcassets */ = {isa = PBXFileReference; lastKnownFileType = folder.assetcatalog; path = Images.xcassets; sourceTree = "<group>"; };
		6E6554F41ABCAE880038D0C7 /* Base */ = {isa = PBXFileReference; lastKnownFileType = file.xib; name = Base; path = Base.lproj/LaunchScreen.xib; sourceTree = "<group>"; };
		6E6554FA1ABCAE880038D0C7 /* PZPullToRefresh-SampleTests.xctest */ = {isa = PBXFileReference; explicitFileType = wrapper.cfbundle; includeInIndex = 0; path = "PZPullToRefresh-SampleTests.xctest"; sourceTree = BUILT_PRODUCTS_DIR; };
		6E6554FF1ABCAE880038D0C7 /* Info.plist */ = {isa = PBXFileReference; lastKnownFileType = text.plist.xml; path = Info.plist; sourceTree = "<group>"; };
		6E6555001ABCAE880038D0C7 /* PZPullToRefresh_SampleTests.swift */ = {isa = PBXFileReference; lastKnownFileType = sourcecode.swift; path = PZPullToRefresh_SampleTests.swift; sourceTree = "<group>"; };
		6E65550A1ABCAEDC0038D0C7 /* PZPullToRefreshView.swift */ = {isa = PBXFileReference; lastKnownFileType = sourcecode.swift; name = PZPullToRefreshView.swift; path = ../PZPullToRefresh/PZPullToRefreshView.swift; sourceTree = "<group>"; };
/* End PBXFileReference section */

/* Begin PBXFrameworksBuildPhase section */
		6E4325D81AF888180004A547 /* Frameworks */ = {
			isa = PBXFrameworksBuildPhase;
			buildActionMask = 2147483647;
			files = (
			);
			runOnlyForDeploymentPostprocessing = 0;
		};
		6E4325E31AF888180004A547 /* Frameworks */ = {
			isa = PBXFrameworksBuildPhase;
			buildActionMask = 2147483647;
			files = (
				6E4325E71AF888180004A547 /* PZPullToRefresh.framework in Frameworks */,
			);
			runOnlyForDeploymentPostprocessing = 0;
		};
		6E6554E21ABCAE880038D0C7 /* Frameworks */ = {
			isa = PBXFrameworksBuildPhase;
			buildActionMask = 2147483647;
			files = (
				6E4325F31AF888180004A547 /* PZPullToRefresh.framework in Frameworks */,
			);
			runOnlyForDeploymentPostprocessing = 0;
		};
		6E6554F71ABCAE880038D0C7 /* Frameworks */ = {
			isa = PBXFrameworksBuildPhase;
			buildActionMask = 2147483647;
			files = (
			);
			runOnlyForDeploymentPostprocessing = 0;
		};
/* End PBXFrameworksBuildPhase section */

/* Begin PBXGroup section */
		6E4325DD1AF888180004A547 /* PZPullToRefresh */ = {
			isa = PBXGroup;
			children = (
				6E4325E01AF888180004A547 /* PZPullToRefresh.h */,
				6E4325DE1AF888180004A547 /* Supporting Files */,
			);
			path = PZPullToRefresh;
			sourceTree = "<group>";
		};
		6E4325DE1AF888180004A547 /* Supporting Files */ = {
			isa = PBXGroup;
			children = (
				6E4325DF1AF888180004A547 /* Info.plist */,
			);
			name = "Supporting Files";
			sourceTree = "<group>";
		};
		6E4325EC1AF888180004A547 /* PZPullToRefreshTests */ = {
			isa = PBXGroup;
			children = (
				6E4325EF1AF888180004A547 /* PZPullToRefreshTests.swift */,
				6E4325ED1AF888180004A547 /* Supporting Files */,
			);
			path = PZPullToRefreshTests;
			sourceTree = "<group>";
		};
		6E4325ED1AF888180004A547 /* Supporting Files */ = {
			isa = PBXGroup;
			children = (
				6E4325EE1AF888180004A547 /* Info.plist */,
			);
			name = "Supporting Files";
			sourceTree = "<group>";
		};
		6E6554DC1ABCAE880038D0C7 = {
			isa = PBXGroup;
			children = (
				6E6554E71ABCAE880038D0C7 /* PZPullToRefresh-Sample */,
				6E6554FD1ABCAE880038D0C7 /* PZPullToRefresh-SampleTests */,
				6E4325DD1AF888180004A547 /* PZPullToRefresh */,
				6E4325EC1AF888180004A547 /* PZPullToRefreshTests */,
				6E6554E61ABCAE880038D0C7 /* Products */,
			);
			sourceTree = "<group>";
		};
		6E6554E61ABCAE880038D0C7 /* Products */ = {
			isa = PBXGroup;
			children = (
				6E6554E51ABCAE880038D0C7 /* PZPullToRefresh-Sample.app */,
				6E6554FA1ABCAE880038D0C7 /* PZPullToRefresh-SampleTests.xctest */,
				6E4325DC1AF888180004A547 /* PZPullToRefresh.framework */,
				6E4325E61AF888180004A547 /* PZPullToRefreshTests.xctest */,
			);
			name = Products;
			sourceTree = "<group>";
		};
		6E6554E71ABCAE880038D0C7 /* PZPullToRefresh-Sample */ = {
			isa = PBXGroup;
			children = (
				6E65550C1ABCAEE20038D0C7 /* PZPullToRefresh */,
				6E6554EA1ABCAE880038D0C7 /* AppDelegate.swift */,
				6E6554EC1ABCAE880038D0C7 /* ViewController.swift */,
				6E6554EE1ABCAE880038D0C7 /* Main.storyboard */,
				6E6554F11ABCAE880038D0C7 /* Images.xcassets */,
				6E6554F31ABCAE880038D0C7 /* LaunchScreen.xib */,
				6E6554E81ABCAE880038D0C7 /* Supporting Files */,
			);
			path = "PZPullToRefresh-Sample";
			sourceTree = "<group>";
		};
		6E6554E81ABCAE880038D0C7 /* Supporting Files */ = {
			isa = PBXGroup;
			children = (
				6E6554E91ABCAE880038D0C7 /* Info.plist */,
			);
			name = "Supporting Files";
			sourceTree = "<group>";
		};
		6E6554FD1ABCAE880038D0C7 /* PZPullToRefresh-SampleTests */ = {
			isa = PBXGroup;
			children = (
				6E6555001ABCAE880038D0C7 /* PZPullToRefresh_SampleTests.swift */,
				6E6554FE1ABCAE880038D0C7 /* Supporting Files */,
			);
			path = "PZPullToRefresh-SampleTests";
			sourceTree = "<group>";
		};
		6E6554FE1ABCAE880038D0C7 /* Supporting Files */ = {
			isa = PBXGroup;
			children = (
				6E6554FF1ABCAE880038D0C7 /* Info.plist */,
			);
			name = "Supporting Files";
			sourceTree = "<group>";
		};
		6E65550C1ABCAEE20038D0C7 /* PZPullToRefresh */ = {
			isa = PBXGroup;
			children = (
				6E65550A1ABCAEDC0038D0C7 /* PZPullToRefreshView.swift */,
			);
			name = PZPullToRefresh;
			sourceTree = "<group>";
		};
/* End PBXGroup section */

/* Begin PBXHeadersBuildPhase section */
		6E4325D91AF888180004A547 /* Headers */ = {
			isa = PBXHeadersBuildPhase;
			buildActionMask = 2147483647;
			files = (
				6E4325E11AF888180004A547 /* PZPullToRefresh.h in Headers */,
			);
			runOnlyForDeploymentPostprocessing = 0;
		};
/* End PBXHeadersBuildPhase section */

/* Begin PBXNativeTarget section */
		6E4325DB1AF888180004A547 /* PZPullToRefresh */ = {
			isa = PBXNativeTarget;
			buildConfigurationList = 6E4325F91AF888180004A547 /* Build configuration list for PBXNativeTarget "PZPullToRefresh" */;
			buildPhases = (
				6E4325D71AF888180004A547 /* Sources */,
				6E4325D81AF888180004A547 /* Frameworks */,
				6E4325D91AF888180004A547 /* Headers */,
				6E4325DA1AF888180004A547 /* Resources */,
			);
			buildRules = (
			);
			dependencies = (
			);
			name = PZPullToRefresh;
			productName = PZPullToRefresh;
			productReference = 6E4325DC1AF888180004A547 /* PZPullToRefresh.framework */;
			productType = "com.apple.product-type.framework";
		};
		6E4325E51AF888180004A547 /* PZPullToRefreshTests */ = {
			isa = PBXNativeTarget;
			buildConfigurationList = 6E4325FB1AF888180004A547 /* Build configuration list for PBXNativeTarget "PZPullToRefreshTests" */;
			buildPhases = (
				6E4325E21AF888180004A547 /* Sources */,
				6E4325E31AF888180004A547 /* Frameworks */,
				6E4325E41AF888180004A547 /* Resources */,
			);
			buildRules = (
			);
			dependencies = (
				6E4325E91AF888180004A547 /* PBXTargetDependency */,
				6E4325EB1AF888180004A547 /* PBXTargetDependency */,
			);
			name = PZPullToRefreshTests;
			productName = PZPullToRefreshTests;
			productReference = 6E4325E61AF888180004A547 /* PZPullToRefreshTests.xctest */;
			productType = "com.apple.product-type.bundle.unit-test";
		};
		6E6554E41ABCAE880038D0C7 /* PZPullToRefresh-Sample */ = {
			isa = PBXNativeTarget;
			buildConfigurationList = 6E6555041ABCAE880038D0C7 /* Build configuration list for PBXNativeTarget "PZPullToRefresh-Sample" */;
			buildPhases = (
				6E6554E11ABCAE880038D0C7 /* Sources */,
				6E6554E21ABCAE880038D0C7 /* Frameworks */,
				6E6554E31ABCAE880038D0C7 /* Resources */,
				6E4325FA1AF888180004A547 /* Embed Frameworks */,
			);
			buildRules = (
			);
			dependencies = (
				6E4325F21AF888180004A547 /* PBXTargetDependency */,
			);
			name = "PZPullToRefresh-Sample";
			productName = "PZPullToRefresh-Sample";
			productReference = 6E6554E51ABCAE880038D0C7 /* PZPullToRefresh-Sample.app */;
			productType = "com.apple.product-type.application";
		};
		6E6554F91ABCAE880038D0C7 /* PZPullToRefresh-SampleTests */ = {
			isa = PBXNativeTarget;
			buildConfigurationList = 6E6555071ABCAE880038D0C7 /* Build configuration list for PBXNativeTarget "PZPullToRefresh-SampleTests" */;
			buildPhases = (
				6E6554F61ABCAE880038D0C7 /* Sources */,
				6E6554F71ABCAE880038D0C7 /* Frameworks */,
				6E6554F81ABCAE880038D0C7 /* Resources */,
			);
			buildRules = (
			);
			dependencies = (
				6E6554FC1ABCAE880038D0C7 /* PBXTargetDependency */,
			);
			name = "PZPullToRefresh-SampleTests";
			productName = "PZPullToRefresh-SampleTests";
			productReference = 6E6554FA1ABCAE880038D0C7 /* PZPullToRefresh-SampleTests.xctest */;
			productType = "com.apple.product-type.bundle.unit-test";
		};
/* End PBXNativeTarget section */

/* Begin PBXProject section */
		6E6554DD1ABCAE880038D0C7 /* Project object */ = {
			isa = PBXProject;
			attributes = {
				LastUpgradeCheck = 0620;
				ORGANIZATIONNAME = pixyzehn;
				TargetAttributes = {
					6E4325DB1AF888180004A547 = {
						CreatedOnToolsVersion = 6.2;
						DevelopmentTeam = XP5N783SQH;
					};
					6E4325E51AF888180004A547 = {
						CreatedOnToolsVersion = 6.2;
						TestTargetID = 6E6554E41ABCAE880038D0C7;
					};
					6E6554E41ABCAE880038D0C7 = {
						CreatedOnToolsVersion = 6.2;
						DevelopmentTeam = XP5N783SQH;
					};
					6E6554F91ABCAE880038D0C7 = {
						CreatedOnToolsVersion = 6.2;
						TestTargetID = 6E6554E41ABCAE880038D0C7;
					};
				};
			};
			buildConfigurationList = 6E6554E01ABCAE880038D0C7 /* Build configuration list for PBXProject "PZPullToRefresh-Sample" */;
			compatibilityVersion = "Xcode 3.2";
			developmentRegion = English;
			hasScannedForEncodings = 0;
			knownRegions = (
				en,
				Base,
			);
			mainGroup = 6E6554DC1ABCAE880038D0C7;
			productRefGroup = 6E6554E61ABCAE880038D0C7 /* Products */;
			projectDirPath = "";
			projectRoot = "";
			targets = (
				6E6554E41ABCAE880038D0C7 /* PZPullToRefresh-Sample */,
				6E6554F91ABCAE880038D0C7 /* PZPullToRefresh-SampleTests */,
				6E4325DB1AF888180004A547 /* PZPullToRefresh */,
				6E4325E51AF888180004A547 /* PZPullToRefreshTests */,
			);
		};
/* End PBXProject section */

/* Begin PBXResourcesBuildPhase section */
		6E4325DA1AF888180004A547 /* Resources */ = {
			isa = PBXResourcesBuildPhase;
			buildActionMask = 2147483647;
			files = (
			);
			runOnlyForDeploymentPostprocessing = 0;
		};
		6E4325E41AF888180004A547 /* Resources */ = {
			isa = PBXResourcesBuildPhase;
			buildActionMask = 2147483647;
			files = (
			);
			runOnlyForDeploymentPostprocessing = 0;
		};
		6E6554E31ABCAE880038D0C7 /* Resources */ = {
			isa = PBXResourcesBuildPhase;
			buildActionMask = 2147483647;
			files = (
				6E6554F01ABCAE880038D0C7 /* Main.storyboard in Resources */,
				6E6554F51ABCAE880038D0C7 /* LaunchScreen.xib in Resources */,
				6E6554F21ABCAE880038D0C7 /* Images.xcassets in Resources */,
			);
			runOnlyForDeploymentPostprocessing = 0;
		};
		6E6554F81ABCAE880038D0C7 /* Resources */ = {
			isa = PBXResourcesBuildPhase;
			buildActionMask = 2147483647;
			files = (
			);
			runOnlyForDeploymentPostprocessing = 0;
		};
/* End PBXResourcesBuildPhase section */

/* Begin PBXSourcesBuildPhase section */
		6E4325D71AF888180004A547 /* Sources */ = {
			isa = PBXSourcesBuildPhase;
			buildActionMask = 2147483647;
			files = (
				6E4325FC1AF888210004A547 /* PZPullToRefreshView.swift in Sources */,
			);
			runOnlyForDeploymentPostprocessing = 0;
		};
		6E4325E21AF888180004A547 /* Sources */ = {
			isa = PBXSourcesBuildPhase;
			buildActionMask = 2147483647;
			files = (
				6E4325F01AF888180004A547 /* PZPullToRefreshTests.swift in Sources */,
			);
			runOnlyForDeploymentPostprocessing = 0;
		};
		6E6554E11ABCAE880038D0C7 /* Sources */ = {
			isa = PBXSourcesBuildPhase;
			buildActionMask = 2147483647;
			files = (
				6E65550B1ABCAEDC0038D0C7 /* PZPullToRefreshView.swift in Sources */,
				6E6554ED1ABCAE880038D0C7 /* ViewController.swift in Sources */,
				6E6554EB1ABCAE880038D0C7 /* AppDelegate.swift in Sources */,
			);
			runOnlyForDeploymentPostprocessing = 0;
		};
		6E6554F61ABCAE880038D0C7 /* Sources */ = {
			isa = PBXSourcesBuildPhase;
			buildActionMask = 2147483647;
			files = (
				6E6555011ABCAE880038D0C7 /* PZPullToRefresh_SampleTests.swift in Sources */,
			);
			runOnlyForDeploymentPostprocessing = 0;
		};
/* End PBXSourcesBuildPhase section */

/* Begin PBXTargetDependency section */
		6E4325E91AF888180004A547 /* PBXTargetDependency */ = {
			isa = PBXTargetDependency;
			target = 6E4325DB1AF888180004A547 /* PZPullToRefresh */;
			targetProxy = 6E4325E81AF888180004A547 /* PBXContainerItemProxy */;
		};
		6E4325EB1AF888180004A547 /* PBXTargetDependency */ = {
			isa = PBXTargetDependency;
			target = 6E6554E41ABCAE880038D0C7 /* PZPullToRefresh-Sample */;
			targetProxy = 6E4325EA1AF888180004A547 /* PBXContainerItemProxy */;
		};
		6E4325F21AF888180004A547 /* PBXTargetDependency */ = {
			isa = PBXTargetDependency;
			target = 6E4325DB1AF888180004A547 /* PZPullToRefresh */;
			targetProxy = 6E4325F11AF888180004A547 /* PBXContainerItemProxy */;
		};
		6E6554FC1ABCAE880038D0C7 /* PBXTargetDependency */ = {
			isa = PBXTargetDependency;
			target = 6E6554E41ABCAE880038D0C7 /* PZPullToRefresh-Sample */;
			targetProxy = 6E6554FB1ABCAE880038D0C7 /* PBXContainerItemProxy */;
		};
/* End PBXTargetDependency section */

/* Begin PBXVariantGroup section */
		6E6554EE1ABCAE880038D0C7 /* Main.storyboard */ = {
			isa = PBXVariantGroup;
			children = (
				6E6554EF1ABCAE880038D0C7 /* Base */,
			);
			name = Main.storyboard;
			sourceTree = "<group>";
		};
		6E6554F31ABCAE880038D0C7 /* LaunchScreen.xib */ = {
			isa = PBXVariantGroup;
			children = (
				6E6554F41ABCAE880038D0C7 /* Base */,
			);
			name = LaunchScreen.xib;
			sourceTree = "<group>";
		};
/* End PBXVariantGroup section */

/* Begin XCBuildConfiguration section */
		6E4325F51AF888180004A547 /* Debug */ = {
			isa = XCBuildConfiguration;
			buildSettings = {
				CODE_SIGN_IDENTITY = "iPhone Developer";
				CURRENT_PROJECT_VERSION = 1;
				DEFINES_MODULE = YES;
				DYLIB_COMPATIBILITY_VERSION = 1;
				DYLIB_CURRENT_VERSION = 1;
				DYLIB_INSTALL_NAME_BASE = "@rpath";
				GCC_PREPROCESSOR_DEFINITIONS = (
					"DEBUG=1",
					"$(inherited)",
				);
				INFOPLIST_FILE = PZPullToRefresh/Info.plist;
				INSTALL_PATH = "$(LOCAL_LIBRARY_DIR)/Frameworks";
				LD_RUNPATH_SEARCH_PATHS = "$(inherited) @executable_path/Frameworks @loader_path/Frameworks";
				PRODUCT_NAME = "$(TARGET_NAME)";
				SKIP_INSTALL = YES;
				TARGETED_DEVICE_FAMILY = "1,2";
				VERSIONING_SYSTEM = "apple-generic";
				VERSION_INFO_PREFIX = "";
			};
			name = Debug;
		};
		6E4325F61AF888180004A547 /* Release */ = {
			isa = XCBuildConfiguration;
			buildSettings = {
				CODE_SIGN_IDENTITY = "iPhone Developer";
				CURRENT_PROJECT_VERSION = 1;
				DEFINES_MODULE = YES;
				DYLIB_COMPATIBILITY_VERSION = 1;
				DYLIB_CURRENT_VERSION = 1;
				DYLIB_INSTALL_NAME_BASE = "@rpath";
				INFOPLIST_FILE = PZPullToRefresh/Info.plist;
				INSTALL_PATH = "$(LOCAL_LIBRARY_DIR)/Frameworks";
				LD_RUNPATH_SEARCH_PATHS = "$(inherited) @executable_path/Frameworks @loader_path/Frameworks";
				PRODUCT_NAME = "$(TARGET_NAME)";
				SKIP_INSTALL = YES;
				TARGETED_DEVICE_FAMILY = "1,2";
				VERSIONING_SYSTEM = "apple-generic";
				VERSION_INFO_PREFIX = "";
			};
			name = Release;
		};
		6E4325F71AF888180004A547 /* Debug */ = {
			isa = XCBuildConfiguration;
			buildSettings = {
				FRAMEWORK_SEARCH_PATHS = (
					"$(SDKROOT)/Developer/Library/Frameworks",
					"$(inherited)",
				);
				GCC_PREPROCESSOR_DEFINITIONS = (
					"DEBUG=1",
					"$(inherited)",
				);
				INFOPLIST_FILE = PZPullToRefreshTests/Info.plist;
				LD_RUNPATH_SEARCH_PATHS = "$(inherited) @executable_path/Frameworks @loader_path/Frameworks";
				PRODUCT_NAME = "$(TARGET_NAME)";
				TEST_HOST = "$(BUILT_PRODUCTS_DIR)/PZPullToRefresh-Sample.app/PZPullToRefresh-Sample";
			};
			name = Debug;
		};
		6E4325F81AF888180004A547 /* Release */ = {
			isa = XCBuildConfiguration;
			buildSettings = {
				FRAMEWORK_SEARCH_PATHS = (
					"$(SDKROOT)/Developer/Library/Frameworks",
					"$(inherited)",
				);
				INFOPLIST_FILE = PZPullToRefreshTests/Info.plist;
				LD_RUNPATH_SEARCH_PATHS = "$(inherited) @executable_path/Frameworks @loader_path/Frameworks";
				PRODUCT_NAME = "$(TARGET_NAME)";
				TEST_HOST = "$(BUILT_PRODUCTS_DIR)/PZPullToRefresh-Sample.app/PZPullToRefresh-Sample";
			};
			name = Release;
		};
		6E6555021ABCAE880038D0C7 /* Debug */ = {
			isa = XCBuildConfiguration;
			buildSettings = {
				ALWAYS_SEARCH_USER_PATHS = NO;
				CLANG_CXX_LANGUAGE_STANDARD = "gnu++0x";
				CLANG_CXX_LIBRARY = "libc++";
				CLANG_ENABLE_MODULES = YES;
				CLANG_ENABLE_OBJC_ARC = YES;
				CLANG_WARN_BOOL_CONVERSION = YES;
				CLANG_WARN_CONSTANT_CONVERSION = YES;
				CLANG_WARN_DIRECT_OBJC_ISA_USAGE = YES_ERROR;
				CLANG_WARN_EMPTY_BODY = YES;
				CLANG_WARN_ENUM_CONVERSION = YES;
				CLANG_WARN_INT_CONVERSION = YES;
				CLANG_WARN_OBJC_ROOT_CLASS = YES_ERROR;
				CLANG_WARN_UNREACHABLE_CODE = YES;
				CLANG_WARN__DUPLICATE_METHOD_MATCH = YES;
				"CODE_SIGN_IDENTITY[sdk=iphoneos*]" = "iPhone Developer";
				COPY_PHASE_STRIP = NO;
				ENABLE_STRICT_OBJC_MSGSEND = YES;
				GCC_C_LANGUAGE_STANDARD = gnu99;
				GCC_DYNAMIC_NO_PIC = NO;
				GCC_OPTIMIZATION_LEVEL = 0;
				GCC_PREPROCESSOR_DEFINITIONS = (
					"DEBUG=1",
					"$(inherited)",
				);
				GCC_SYMBOLS_PRIVATE_EXTERN = NO;
				GCC_WARN_64_TO_32_BIT_CONVERSION = YES;
				GCC_WARN_ABOUT_RETURN_TYPE = YES_ERROR;
				GCC_WARN_UNDECLARED_SELECTOR = YES;
				GCC_WARN_UNINITIALIZED_AUTOS = YES_AGGRESSIVE;
				GCC_WARN_UNUSED_FUNCTION = YES;
				GCC_WARN_UNUSED_VARIABLE = YES;
				IPHONEOS_DEPLOYMENT_TARGET = 8.2;
				MTL_ENABLE_DEBUG_INFO = YES;
				ONLY_ACTIVE_ARCH = YES;
				SDKROOT = iphoneos;
				SWIFT_OPTIMIZATION_LEVEL = "-Onone";
			};
			name = Debug;
		};
		6E6555031ABCAE880038D0C7 /* Release */ = {
			isa = XCBuildConfiguration;
			buildSettings = {
				ALWAYS_SEARCH_USER_PATHS = NO;
				CLANG_CXX_LANGUAGE_STANDARD = "gnu++0x";
				CLANG_CXX_LIBRARY = "libc++";
				CLANG_ENABLE_MODULES = YES;
				CLANG_ENABLE_OBJC_ARC = YES;
				CLANG_WARN_BOOL_CONVERSION = YES;
				CLANG_WARN_CONSTANT_CONVERSION = YES;
				CLANG_WARN_DIRECT_OBJC_ISA_USAGE = YES_ERROR;
				CLANG_WARN_EMPTY_BODY = YES;
				CLANG_WARN_ENUM_CONVERSION = YES;
				CLANG_WARN_INT_CONVERSION = YES;
				CLANG_WARN_OBJC_ROOT_CLASS = YES_ERROR;
				CLANG_WARN_UNREACHABLE_CODE = YES;
				CLANG_WARN__DUPLICATE_METHOD_MATCH = YES;
				"CODE_SIGN_IDENTITY[sdk=iphoneos*]" = "iPhone Developer";
				COPY_PHASE_STRIP = NO;
				ENABLE_NS_ASSERTIONS = NO;
				ENABLE_STRICT_OBJC_MSGSEND = YES;
				GCC_C_LANGUAGE_STANDARD = gnu99;
				GCC_WARN_64_TO_32_BIT_CONVERSION = YES;
				GCC_WARN_ABOUT_RETURN_TYPE = YES_ERROR;
				GCC_WARN_UNDECLARED_SELECTOR = YES;
				GCC_WARN_UNINITIALIZED_AUTOS = YES_AGGRESSIVE;
				GCC_WARN_UNUSED_FUNCTION = YES;
				GCC_WARN_UNUSED_VARIABLE = YES;
				IPHONEOS_DEPLOYMENT_TARGET = 8.2;
				MTL_ENABLE_DEBUG_INFO = NO;
				SDKROOT = iphoneos;
				VALIDATE_PRODUCT = YES;
			};
			name = Release;
		};
		6E6555051ABCAE880038D0C7 /* Debug */ = {
			isa = XCBuildConfiguration;
			buildSettings = {
				ASSETCATALOG_COMPILER_APPICON_NAME = AppIcon;
				CODE_SIGN_IDENTITY = "iPhone Developer";
				INFOPLIST_FILE = "PZPullToRefresh-Sample/Info.plist";
				LD_RUNPATH_SEARCH_PATHS = "$(inherited) @executable_path/Frameworks";
				PRODUCT_NAME = "$(TARGET_NAME)";
			};
			name = Debug;
		};
		6E6555061ABCAE880038D0C7 /* Release */ = {
			isa = XCBuildConfiguration;
			buildSettings = {
				ASSETCATALOG_COMPILER_APPICON_NAME = AppIcon;
				CODE_SIGN_IDENTITY = "iPhone Developer";
				INFOPLIST_FILE = "PZPullToRefresh-Sample/Info.plist";
				LD_RUNPATH_SEARCH_PATHS = "$(inherited) @executable_path/Frameworks";
				PRODUCT_NAME = "$(TARGET_NAME)";
			};
			name = Release;
		};
		6E6555081ABCAE880038D0C7 /* Debug */ = {
			isa = XCBuildConfiguration;
			buildSettings = {
				BUNDLE_LOADER = "$(TEST_HOST)";
				FRAMEWORK_SEARCH_PATHS = (
					"$(SDKROOT)/Developer/Library/Frameworks",
					"$(inherited)",
				);
				GCC_PREPROCESSOR_DEFINITIONS = (
					"DEBUG=1",
					"$(inherited)",
				);
				INFOPLIST_FILE = "PZPullToRefresh-SampleTests/Info.plist";
				LD_RUNPATH_SEARCH_PATHS = "$(inherited) @executable_path/Frameworks @loader_path/Frameworks";
				PRODUCT_NAME = "$(TARGET_NAME)";
				TEST_HOST = "$(BUILT_PRODUCTS_DIR)/PZPullToRefresh-Sample.app/PZPullToRefresh-Sample";
			};
			name = Debug;
		};
		6E6555091ABCAE880038D0C7 /* Release */ = {
			isa = XCBuildConfiguration;
			buildSettings = {
				BUNDLE_LOADER = "$(TEST_HOST)";
				FRAMEWORK_SEARCH_PATHS = (
					"$(SDKROOT)/Developer/Library/Frameworks",
					"$(inherited)",
				);
				INFOPLIST_FILE = "PZPullToRefresh-SampleTests/Info.plist";
				LD_RUNPATH_SEARCH_PATHS = "$(inherited) @executable_path/Frameworks @loader_path/Frameworks";
				PRODUCT_NAME = "$(TARGET_NAME)";
				TEST_HOST = "$(BUILT_PRODUCTS_DIR)/PZPullToRefresh-Sample.app/PZPullToRefresh-Sample";
			};
			name = Release;
		};
/* End XCBuildConfiguration section */

/* Begin XCConfigurationList section */
		6E4325F91AF888180004A547 /* Build configuration list for PBXNativeTarget "PZPullToRefresh" */ = {
			isa = XCConfigurationList;
			buildConfigurations = (
				6E4325F51AF888180004A547 /* Debug */,
				6E4325F61AF888180004A547 /* Release */,
			);
			defaultConfigurationIsVisible = 0;
		};
		6E4325FB1AF888180004A547 /* Build configuration list for PBXNativeTarget "PZPullToRefreshTests" */ = {
			isa = XCConfigurationList;
			buildConfigurations = (
				6E4325F71AF888180004A547 /* Debug */,
				6E4325F81AF888180004A547 /* Release */,
			);
			defaultConfigurationIsVisible = 0;
		};
		6E6554E01ABCAE880038D0C7 /* Build configuration list for PBXProject "PZPullToRefresh-Sample" */ = {
			isa = XCConfigurationList;
			buildConfigurations = (
				6E6555021ABCAE880038D0C7 /* Debug */,
				6E6555031ABCAE880038D0C7 /* Release */,
			);
			defaultConfigurationIsVisible = 0;
			defaultConfigurationName = Release;
		};
		6E6555041ABCAE880038D0C7 /* Build configuration list for PBXNativeTarget "PZPullToRefresh-Sample" */ = {
			isa = XCConfigurationList;
			buildConfigurations = (
				6E6555051ABCAE880038D0C7 /* Debug */,
				6E6555061ABCAE880038D0C7 /* Release */,
			);
			defaultConfigurationIsVisible = 0;
			defaultConfigurationName = Release;
		};
		6E6555071ABCAE880038D0C7 /* Build configuration list for PBXNativeTarget "PZPullToRefresh-SampleTests" */ = {
			isa = XCConfigurationList;
			buildConfigurations = (
				6E6555081ABCAE880038D0C7 /* Debug */,
				6E6555091ABCAE880038D0C7 /* Release */,
			);
			defaultConfigurationIsVisible = 0;
			defaultConfigurationName = Release;
		};
/* End XCConfigurationList section */
	};
	rootObject = 6E6554DD1ABCAE880038D0C7 /* Project object */;
}
